
Microsoft Visual Studio Solution File, Format Version 12.00
# Visual Studio Version 17
VisualStudioVersion = 17.14.36603.0 d17.14
MinimumVisualStudioVersion = 10.0.40219.1
Project("{FAE04EC0-301F-11D3-BF4B-00C04F79EFBC}") = "StudentManagmentAPI", "StudentManagmentAPI.csproj", "{72A8B5C3-57FB-4DED-93DF-B9C8FBEB03AA}"
EndProject
Global
	GlobalSection(SolutionConfigurationPlatforms) = preSolution
		Debug|Any CPU = Debug|Any CPU
		Release|Any CPU = Release|Any CPU
	EndGlobalSection
	GlobalSection(ProjectConfigurationPlatforms) = postSolution
		{72A8B5C3-57FB-4DED-93DF-B9C8FBEB03AA}.Debug|Any CPU.ActiveCfg = Debug|Any CPU
		{72A8B5C3-57FB-4DED-93DF-B9C8FBEB03AA}.Debug|Any CPU.Build.0 = Debug|Any CPU
		{72A8B5C3-57FB-4DED-93DF-B9C8FBEB03AA}.Release|Any CPU.ActiveCfg = Release|Any CPU
		{72A8B5C3-57FB-4DED-93DF-B9C8FBEB03AA}.Release|Any CPU.Build.0 = Release|Any CPU
	EndGlobalSection
	GlobalSection(SolutionProperties) = preSolution
		HideSolutionNode = FALSE
	EndGlobalSection
	GlobalSection(ExtensibilityGlobals) = postSolution
		SolutionGuid = {B6BC3368-4BF0-4B9C-AFB5-78A56473295C}
	EndGlobalSection
EndGlobal
